
Microsoft Visual Studio Solution File, Format Version 12.00
# Visual Studio Version 17
VisualStudioVersion = 17.14.36518.9 d17.14
MinimumVisualStudioVersion = 10.0.40219.1
Project("{FAE04EC0-301F-11D3-BF4B-00C04F79EFBC}") = "CustomHidChecker", "CustomHidChecker.csproj", "{1AD7D663-A0A2-408D-BC16-06C35FCB327B}"
EndProject
Global
	GlobalSection(SolutionConfigurationPlatforms) = preSolution
		Debug|Any CPU = Debug|Any CPU
		Release|Any CPU = Release|Any CPU
	EndGlobalSection
	GlobalSection(ProjectConfigurationPlatforms) = postSolution
		{1AD7D663-A0A2-408D-BC16-06C35FCB327B}.Debug|Any CPU.ActiveCfg = Debug|Any CPU
		{1AD7D663-A0A2-408D-BC16-06C35FCB327B}.Debug|Any CPU.Build.0 = Debug|Any CPU
		{1AD7D663-A0A2-408D-BC16-06C35FCB327B}.Release|Any CPU.ActiveCfg = Release|Any CPU
		{1AD7D663-A0A2-408D-BC16-06C35FCB327B}.Release|Any CPU.Build.0 = Release|Any CPU
	EndGlobalSection
	GlobalSection(SolutionProperties) = preSolution
		HideSolutionNode = FALSE
	EndGlobalSection
	GlobalSection(ExtensibilityGlobals) = postSolution
		SolutionGuid = {11E1205E-470A-492A-8546-27D1E9489B9B}
	EndGlobalSection
EndGlobal
